// !$*UTF8*$!
{
	archiveVersion = 1;
	classes = {
	};
	objectVersion = 50;
	objects = {

/* Begin PBXBuildFile section */
		8476ECC226067784004AE32B /* Plate Calculator WatchKit App.app in Embed Watch Content */ = {isa = PBXBuildFile; fileRef = 8476ECC126067784004AE32B /* Plate Calculator WatchKit App.app */; settings = {ATTRIBUTES = (RemoveHeadersOnCopy, ); }; };
		8476ECC726067785004AE32B /* Assets.xcassets in Resources */ = {isa = PBXBuildFile; fileRef = 8476ECC626067785004AE32B /* Assets.xcassets */; };
		8476ECCE26067785004AE32B /* Plate Calculator WatchKit Extension.appex in Embed App Extensions */ = {isa = PBXBuildFile; fileRef = 8476ECCD26067785004AE32B /* Plate Calculator WatchKit Extension.appex */; settings = {ATTRIBUTES = (RemoveHeadersOnCopy, ); }; };
		8476ECD326067785004AE32B /* ContentView.swift in Sources */ = {isa = PBXBuildFile; fileRef = 8476ECD226067785004AE32B /* ContentView.swift */; };
		8476ECD526067785004AE32B /* Plate_CalculatorApp.swift in Sources */ = {isa = PBXBuildFile; fileRef = 8476ECD426067785004AE32B /* Plate_CalculatorApp.swift */; };
		8476ECD726067785004AE32B /* ComplicationController.swift in Sources */ = {isa = PBXBuildFile; fileRef = 8476ECD626067785004AE32B /* ComplicationController.swift */; };
		8476ECD926067785004AE32B /* Assets.xcassets in Resources */ = {isa = PBXBuildFile; fileRef = 8476ECD826067785004AE32B /* Assets.xcassets */; };
		8476ECDC26067785004AE32B /* Preview Assets.xcassets in Resources */ = {isa = PBXBuildFile; fileRef = 8476ECDB26067785004AE32B /* Preview Assets.xcassets */; };
/* End PBXBuildFile section */

/* Begin PBXContainerItemProxy section */
		8476ECC326067784004AE32B /* PBXContainerItemProxy */ = {
			isa = PBXContainerItemProxy;
			containerPortal = 8476ECB726067783004AE32B /* Project object */;
			proxyType = 1;
			remoteGlobalIDString = 8476ECC026067784004AE32B;
			remoteInfo = "Plate Calculator WatchKit App";
		};
		8476ECCF26067785004AE32B /* PBXContainerItemProxy */ = {
			isa = PBXContainerItemProxy;
			containerPortal = 8476ECB726067783004AE32B /* Project object */;
			proxyType = 1;
			remoteGlobalIDString = 8476ECCC26067785004AE32B;
			remoteInfo = "Plate Calculator WatchKit Extension";
		};
/* End PBXContainerItemProxy section */

/* Begin PBXCopyFilesBuildPhase section */
		8476ECE326067785004AE32B /* Embed App Extensions */ = {
			isa = PBXCopyFilesBuildPhase;
			buildActionMask = 2147483647;
			dstPath = "";
			dstSubfolderSpec = 13;
			files = (
				8476ECCE26067785004AE32B /* Plate Calculator WatchKit Extension.appex in Embed App Extensions */,
			);
			name = "Embed App Extensions";
			runOnlyForDeploymentPostprocessing = 0;
		};
		8476ECE726067785004AE32B /* Embed Watch Content */ = {
			isa = PBXCopyFilesBuildPhase;
			buildActionMask = 2147483647;
			dstPath = "$(CONTENTS_FOLDER_PATH)/Watch";
			dstSubfolderSpec = 16;
			files = (
				8476ECC226067784004AE32B /* Plate Calculator WatchKit App.app in Embed Watch Content */,
			);
			name = "Embed Watch Content";
			runOnlyForDeploymentPostprocessing = 0;
		};
/* End PBXCopyFilesBuildPhase section */

/* Begin PBXFileReference section */
		8476ECBD26067784004AE32B /* Plate Calculator.app */ = {isa = PBXFileReference; explicitFileType = wrapper.application; includeInIndex = 0; path = "Plate Calculator.app"; sourceTree = BUILT_PRODUCTS_DIR; };
		8476ECC126067784004AE32B /* Plate Calculator WatchKit App.app */ = {isa = PBXFileReference; explicitFileType = wrapper.application; includeInIndex = 0; path = "Plate Calculator WatchKit App.app"; sourceTree = BUILT_PRODUCTS_DIR; };
		8476ECC626067785004AE32B /* Assets.xcassets */ = {isa = PBXFileReference; lastKnownFileType = folder.assetcatalog; path = Assets.xcassets; sourceTree = "<group>"; };
		8476ECC826067785004AE32B /* Info.plist */ = {isa = PBXFileReference; lastKnownFileType = text.plist.xml; path = Info.plist; sourceTree = "<group>"; };
		8476ECCD26067785004AE32B /* Plate Calculator WatchKit Extension.appex */ = {isa = PBXFileReference; explicitFileType = "wrapper.app-extension"; includeInIndex = 0; path = "Plate Calculator WatchKit Extension.appex"; sourceTree = BUILT_PRODUCTS_DIR; };
		8476ECD226067785004AE32B /* ContentView.swift */ = {isa = PBXFileReference; lastKnownFileType = sourcecode.swift; path = ContentView.swift; sourceTree = "<group>"; };
		8476ECD426067785004AE32B /* Plate_CalculatorApp.swift */ = {isa = PBXFileReference; lastKnownFileType = sourcecode.swift; path = Plate_CalculatorApp.swift; sourceTree = "<group>"; };
		8476ECD626067785004AE32B /* ComplicationController.swift */ = {isa = PBXFileReference; lastKnownFileType = sourcecode.swift; path = ComplicationController.swift; sourceTree = "<group>"; };
		8476ECD826067785004AE32B /* Assets.xcassets */ = {isa = PBXFileReference; lastKnownFileType = folder.assetcatalog; path = Assets.xcassets; sourceTree = "<group>"; };
		8476ECDB26067785004AE32B /* Preview Assets.xcassets */ = {isa = PBXFileReference; lastKnownFileType = folder.assetcatalog; path = "Preview Assets.xcassets"; sourceTree = "<group>"; };
		8476ECDD26067785004AE32B /* Info.plist */ = {isa = PBXFileReference; lastKnownFileType = text.plist.xml; path = Info.plist; sourceTree = "<group>"; };
/* End PBXFileReference section */

/* Begin PBXFrameworksBuildPhase section */
		8476ECCA26067785004AE32B /* Frameworks */ = {
			isa = PBXFrameworksBuildPhase;
			buildActionMask = 2147483647;
			files = (
			);
			runOnlyForDeploymentPostprocessing = 0;
		};
/* End PBXFrameworksBuildPhase section */

/* Begin PBXGroup section */
		8476ECB626067783004AE32B = {
			isa = PBXGroup;
			children = (
				8476ECC526067784004AE32B /* Plate Calculator WatchKit App */,
				8476ECD126067785004AE32B /* Plate Calculator WatchKit Extension */,
				8476ECBE26067784004AE32B /* Products */,
			);
			sourceTree = "<group>";
		};
		8476ECBE26067784004AE32B /* Products */ = {
			isa = PBXGroup;
			children = (
				8476ECBD26067784004AE32B /* Plate Calculator.app */,
				8476ECC126067784004AE32B /* Plate Calculator WatchKit App.app */,
				8476ECCD26067785004AE32B /* Plate Calculator WatchKit Extension.appex */,
			);
			name = Products;
			sourceTree = "<group>";
		};
		8476ECC526067784004AE32B /* Plate Calculator WatchKit App */ = {
			isa = PBXGroup;
			children = (
				8476ECC626067785004AE32B /* Assets.xcassets */,
				8476ECC826067785004AE32B /* Info.plist */,
			);
			path = "Plate Calculator WatchKit App";
			sourceTree = "<group>";
		};
		8476ECD126067785004AE32B /* Plate Calculator WatchKit Extension */ = {
			isa = PBXGroup;
			children = (
				8476ECD226067785004AE32B /* ContentView.swift */,
				8476ECD426067785004AE32B /* Plate_CalculatorApp.swift */,
				8476ECD626067785004AE32B /* ComplicationController.swift */,
				8476ECD826067785004AE32B /* Assets.xcassets */,
				8476ECDD26067785004AE32B /* Info.plist */,
				8476ECDA26067785004AE32B /* Preview Content */,
			);
			path = "Plate Calculator WatchKit Extension";
			sourceTree = "<group>";
		};
		8476ECDA26067785004AE32B /* Preview Content */ = {
			isa = PBXGroup;
			children = (
				8476ECDB26067785004AE32B /* Preview Assets.xcassets */,
			);
			path = "Preview Content";
			sourceTree = "<group>";
		};
/* End PBXGroup section */

/* Begin PBXNativeTarget section */
		8476ECBC26067783004AE32B /* Plate Calculator */ = {
			isa = PBXNativeTarget;
			buildConfigurationList = 8476ECE826067785004AE32B /* Build configuration list for PBXNativeTarget "Plate Calculator" */;
			buildPhases = (
				8476ECBB26067783004AE32B /* Resources */,
				8476ECE726067785004AE32B /* Embed Watch Content */,
			);
			buildRules = (
			);
			dependencies = (
				8476ECC426067784004AE32B /* PBXTargetDependency */,
			);
			name = "Plate Calculator";
			productName = "Plate Calculator";
			productReference = 8476ECBD26067784004AE32B /* Plate Calculator.app */;
			productType = "com.apple.product-type.application.watchapp2-container";
		};
		8476ECC026067784004AE32B /* Plate Calculator WatchKit App */ = {
			isa = PBXNativeTarget;
			buildConfigurationList = 8476ECE426067785004AE32B /* Build configuration list for PBXNativeTarget "Plate Calculator WatchKit App" */;
			buildPhases = (
				8476ECBF26067784004AE32B /* Resources */,
				8476ECE326067785004AE32B /* Embed App Extensions */,
			);
			buildRules = (
			);
			dependencies = (
				8476ECD026067785004AE32B /* PBXTargetDependency */,
			);
			name = "Plate Calculator WatchKit App";
			productName = "Plate Calculator WatchKit App";
			productReference = 8476ECC126067784004AE32B /* Plate Calculator WatchKit App.app */;
			productType = "com.apple.product-type.application.watchapp2";
		};
		8476ECCC26067785004AE32B /* Plate Calculator WatchKit Extension */ = {
			isa = PBXNativeTarget;
			buildConfigurationList = 8476ECE026067785004AE32B /* Build configuration list for PBXNativeTarget "Plate Calculator WatchKit Extension" */;
			buildPhases = (
				8476ECC926067785004AE32B /* Sources */,
				8476ECCA26067785004AE32B /* Frameworks */,
				8476ECCB26067785004AE32B /* Resources */,
			);
			buildRules = (
			);
			dependencies = (
			);
			name = "Plate Calculator WatchKit Extension";
			productName = "Plate Calculator WatchKit Extension";
			productReference = 8476ECCD26067785004AE32B /* Plate Calculator WatchKit Extension.appex */;
			productType = "com.apple.product-type.watchkit2-extension";
		};
/* End PBXNativeTarget section */

/* Begin PBXProject section */
		8476ECB726067783004AE32B /* Project object */ = {
			isa = PBXProject;
			attributes = {
				LastSwiftUpdateCheck = 1240;
				LastUpgradeCheck = 1240;
				TargetAttributes = {
					8476ECBC26067783004AE32B = {
						CreatedOnToolsVersion = 12.4;
					};
					8476ECC026067784004AE32B = {
						CreatedOnToolsVersion = 12.4;
					};
					8476ECCC26067785004AE32B = {
						CreatedOnToolsVersion = 12.4;
					};
				};
			};
			buildConfigurationList = 8476ECBA26067783004AE32B /* Build configuration list for PBXProject "Plate Calculator" */;
			compatibilityVersion = "Xcode 9.3";
			developmentRegion = en;
			hasScannedForEncodings = 0;
			knownRegions = (
				en,
				Base,
			);
			mainGroup = 8476ECB626067783004AE32B;
			productRefGroup = 8476ECBE26067784004AE32B /* Products */;
			projectDirPath = "";
			projectRoot = "";
			targets = (
				8476ECBC26067783004AE32B /* Plate Calculator */,
				8476ECC026067784004AE32B /* Plate Calculator WatchKit App */,
				8476ECCC26067785004AE32B /* Plate Calculator WatchKit Extension */,
			);
		};
/* End PBXProject section */

/* Begin PBXResourcesBuildPhase section */
		8476ECBB26067783004AE32B /* Resources */ = {
			isa = PBXResourcesBuildPhase;
			buildActionMask = 2147483647;
			files = (
			);
			runOnlyForDeploymentPostprocessing = 0;
		};
		8476ECBF26067784004AE32B /* Resources */ = {
			isa = PBXResourcesBuildPhase;
			buildActionMask = 2147483647;
			files = (
				8476ECC726067785004AE32B /* Assets.xcassets in Resources */,
			);
			runOnlyForDeploymentPostprocessing = 0;
		};
		8476ECCB26067785004AE32B /* Resources */ = {
			isa = PBXResourcesBuildPhase;
			buildActionMask = 2147483647;
			files = (
				8476ECDC26067785004AE32B /* Preview Assets.xcassets in Resources */,
				8476ECD926067785004AE32B /* Assets.xcassets in Resources */,
			);
			runOnlyForDeploymentPostprocessing = 0;
		};
/* End PBXResourcesBuildPhase section */

/* Begin PBXSourcesBuildPhase section */
		8476ECC926067785004AE32B /* Sources */ = {
			isa = PBXSourcesBuildPhase;
			buildActionMask = 2147483647;
			files = (
				8476ECD526067785004AE32B /* Plate_CalculatorApp.swift in Sources */,
				8476ECD326067785004AE32B /* ContentView.swift in Sources */,
				8476ECD726067785004AE32B /* ComplicationController.swift in Sources */,
			);
			runOnlyForDeploymentPostprocessing = 0;
		};
/* End PBXSourcesBuildPhase section */

/* Begin PBXTargetDependency section */
		8476ECC426067784004AE32B /* PBXTargetDependency */ = {
			isa = PBXTargetDependency;
			target = 8476ECC026067784004AE32B /* Plate Calculator WatchKit App */;
			targetProxy = 8476ECC326067784004AE32B /* PBXContainerItemProxy */;
		};
		8476ECD026067785004AE32B /* PBXTargetDependency */ = {
			isa = PBXTargetDependency;
			target = 8476ECCC26067785004AE32B /* Plate Calculator WatchKit Extension */;
			targetProxy = 8476ECCF26067785004AE32B /* PBXContainerItemProxy */;
		};
/* End PBXTargetDependency section */

/* Begin XCBuildConfiguration section */
		8476ECDE26067785004AE32B /* Debug */ = {
			isa = XCBuildConfiguration;
			buildSettings = {
				ALWAYS_SEARCH_USER_PATHS = NO;
				CLANG_ANALYZER_NONNULL = YES;
				CLANG_ANALYZER_NUMBER_OBJECT_CONVERSION = YES_AGGRESSIVE;
				CLANG_CXX_LANGUAGE_STANDARD = "gnu++14";
				CLANG_CXX_LIBRARY = "libc++";
				CLANG_ENABLE_MODULES = YES;
				CLANG_ENABLE_OBJC_ARC = YES;
				CLANG_ENABLE_OBJC_WEAK = YES;
				CLANG_WARN_BLOCK_CAPTURE_AUTORELEASING = YES;
				CLANG_WARN_BOOL_CONVERSION = YES;
				CLANG_WARN_COMMA = YES;
				CLANG_WARN_CONSTANT_CONVERSION = YES;
				CLANG_WARN_DEPRECATED_OBJC_IMPLEMENTATIONS = YES;
				CLANG_WARN_DIRECT_OBJC_ISA_USAGE = YES_ERROR;
				CLANG_WARN_DOCUMENTATION_COMMENTS = YES;
				CLANG_WARN_EMPTY_BODY = YES;
				CLANG_WARN_ENUM_CONVERSION = YES;
				CLANG_WARN_INFINITE_RECURSION = YES;
				CLANG_WARN_INT_CONVERSION = YES;
				CLANG_WARN_NON_LITERAL_NULL_CONVERSION = YES;
				CLANG_WARN_OBJC_IMPLICIT_RETAIN_SELF = YES;
				CLANG_WARN_OBJC_LITERAL_CONVERSION = YES;
				CLANG_WARN_OBJC_ROOT_CLASS = YES_ERROR;
				CLANG_WARN_QUOTED_INCLUDE_IN_FRAMEWORK_HEADER = YES;
				CLANG_WARN_RANGE_LOOP_ANALYSIS = YES;
				CLANG_WARN_STRICT_PROTOTYPES = YES;
				CLANG_WARN_SUSPICIOUS_MOVE = YES;
				CLANG_WARN_UNGUARDED_AVAILABILITY = YES_AGGRESSIVE;
				CLANG_WARN_UNREACHABLE_CODE = YES;
				CLANG_WARN__DUPLICATE_METHOD_MATCH = YES;
				COPY_PHASE_STRIP = NO;
				DEBUG_INFORMATION_FORMAT = dwarf;
				ENABLE_STRICT_OBJC_MSGSEND = YES;
				ENABLE_TESTABILITY = YES;
				GCC_C_LANGUAGE_STANDARD = gnu11;
				GCC_DYNAMIC_NO_PIC = NO;
				GCC_NO_COMMON_BLOCKS = YES;
				GCC_OPTIMIZATION_LEVEL = 0;
				GCC_PREPROCESSOR_DEFINITIONS = (
					"DEBUG=1",
					"$(inherited)",
				);
				GCC_WARN_64_TO_32_BIT_CONVERSION = YES;
				GCC_WARN_ABOUT_RETURN_TYPE = YES_ERROR;
				GCC_WARN_UNDECLARED_SELECTOR = YES;
				GCC_WARN_UNINITIALIZED_AUTOS = YES_AGGRESSIVE;
				GCC_WARN_UNUSED_FUNCTION = YES;
				GCC_WARN_UNUSED_VARIABLE = YES;
				MTL_ENABLE_DEBUG_INFO = INCLUDE_SOURCE;
				MTL_FAST_MATH = YES;
				ONLY_ACTIVE_ARCH = YES;
				SDKROOT = iphoneos;
				SWIFT_ACTIVE_COMPILATION_CONDITIONS = DEBUG;
				SWIFT_OPTIMIZATION_LEVEL = "-Onone";
			};
			name = Debug;
		};
		8476ECDF26067785004AE32B /* Release */ = {
			isa = XCBuildConfiguration;
			buildSettings = {
				ALWAYS_SEARCH_USER_PATHS = NO;
				CLANG_ANALYZER_NONNULL = YES;
				CLANG_ANALYZER_NUMBER_OBJECT_CONVERSION = YES_AGGRESSIVE;
				CLANG_CXX_LANGUAGE_STANDARD = "gnu++14";
				CLANG_CXX_LIBRARY = "libc++";
				CLANG_ENABLE_MODULES = YES;
				CLANG_ENABLE_OBJC_ARC = YES;
				CLANG_ENABLE_OBJC_WEAK = YES;
				CLANG_WARN_BLOCK_CAPTURE_AUTORELEASING = YES;
				CLANG_WARN_BOOL_CONVERSION = YES;
				CLANG_WARN_COMMA = YES;
				CLANG_WARN_CONSTANT_CONVERSION = YES;
				CLANG_WARN_DEPRECATED_OBJC_IMPLEMENTATIONS = YES;
				CLANG_WARN_DIRECT_OBJC_ISA_USAGE = YES_ERROR;
				CLANG_WARN_DOCUMENTATION_COMMENTS = YES;
				CLANG_WARN_EMPTY_BODY = YES;
				CLANG_WARN_ENUM_CONVERSION = YES;
				CLANG_WARN_INFINITE_RECURSION = YES;
				CLANG_WARN_INT_CONVERSION = YES;
				CLANG_WARN_NON_LITERAL_NULL_CONVERSION = YES;
				CLANG_WARN_OBJC_IMPLICIT_RETAIN_SELF = YES;
				CLANG_WARN_OBJC_LITERAL_CONVERSION = YES;
				CLANG_WARN_OBJC_ROOT_CLASS = YES_ERROR;
				CLANG_WARN_QUOTED_INCLUDE_IN_FRAMEWORK_HEADER = YES;
				CLANG_WARN_RANGE_LOOP_ANALYSIS = YES;
				CLANG_WARN_STRICT_PROTOTYPES = YES;
				CLANG_WARN_SUSPICIOUS_MOVE = YES;
				CLANG_WARN_UNGUARDED_AVAILABILITY = YES_AGGRESSIVE;
				CLANG_WARN_UNREACHABLE_CODE = YES;
				CLANG_WARN__DUPLICATE_METHOD_MATCH = YES;
				COPY_PHASE_STRIP = NO;
				DEBUG_INFORMATION_FORMAT = "dwarf-with-dsym";
				ENABLE_NS_ASSERTIONS = NO;
				ENABLE_STRICT_OBJC_MSGSEND = YES;
				GCC_C_LANGUAGE_STANDARD = gnu11;
				GCC_NO_COMMON_BLOCKS = YES;
				GCC_WARN_64_TO_32_BIT_CONVERSION = YES;
				GCC_WARN_ABOUT_RETURN_TYPE = YES_ERROR;
				GCC_WARN_UNDECLARED_SELECTOR = YES;
				GCC_WARN_UNINITIALIZED_AUTOS = YES_AGGRESSIVE;
				GCC_WARN_UNUSED_FUNCTION = YES;
				GCC_WARN_UNUSED_VARIABLE = YES;
				MTL_ENABLE_DEBUG_INFO = NO;
				MTL_FAST_MATH = YES;
				SDKROOT = iphoneos;
				SWIFT_COMPILATION_MODE = wholemodule;
				SWIFT_OPTIMIZATION_LEVEL = "-O";
				VALIDATE_PRODUCT = YES;
			};
			name = Release;
		};
		8476ECE126067785004AE32B /* Debug */ = {
			isa = XCBuildConfiguration;
			buildSettings = {
				ASSETCATALOG_COMPILER_COMPLICATION_NAME = Complication;
				CODE_SIGN_STYLE = Automatic;
				DEVELOPMENT_ASSET_PATHS = "\"Plate Calculator WatchKit Extension/Preview Content\"";
				DEVELOPMENT_TEAM = TBHHC6VWZD;
				ENABLE_PREVIEWS = YES;
				INFOPLIST_FILE = "Plate Calculator WatchKit Extension/Info.plist";
				LD_RUNPATH_SEARCH_PATHS = (
					"$(inherited)",
					"@executable_path/Frameworks",
					"@executable_path/../../Frameworks",
				);
				PRODUCT_BUNDLE_IDENTIFIER = "com.joeydevelops.Plate-Calculator.watchkitapp.watchkitextension";
				PRODUCT_NAME = "${TARGET_NAME}";
				SDKROOT = watchos;
				SKIP_INSTALL = YES;
				SWIFT_VERSION = 5.0;
				TARGETED_DEVICE_FAMILY = 4;
				WATCHOS_DEPLOYMENT_TARGET = 7.2;
			};
			name = Debug;
		};
		8476ECE226067785004AE32B /* Release */ = {
			isa = XCBuildConfiguration;
			buildSettings = {
				ASSETCATALOG_COMPILER_COMPLICATION_NAME = Complication;
				CODE_SIGN_STYLE = Automatic;
				DEVELOPMENT_ASSET_PATHS = "\"Plate Calculator WatchKit Extension/Preview Content\"";
				DEVELOPMENT_TEAM = TBHHC6VWZD;
				ENABLE_PREVIEWS = YES;
				INFOPLIST_FILE = "Plate Calculator WatchKit Extension/Info.plist";
				LD_RUNPATH_SEARCH_PATHS = (
					"$(inherited)",
					"@executable_path/Frameworks",
					"@executable_path/../../Frameworks",
				);
				PRODUCT_BUNDLE_IDENTIFIER = "com.joeydevelops.Plate-Calculator.watchkitapp.watchkitextension";
				PRODUCT_NAME = "${TARGET_NAME}";
				SDKROOT = watchos;
				SKIP_INSTALL = YES;
				SWIFT_VERSION = 5.0;
				TARGETED_DEVICE_FAMILY = 4;
				WATCHOS_DEPLOYMENT_TARGET = 7.2;
			};
			name = Release;
		};
		8476ECE526067785004AE32B /* Debug */ = {
			isa = XCBuildConfiguration;
			buildSettings = {
				ALWAYS_EMBED_SWIFT_STANDARD_LIBRARIES = YES;
				ASSETCATALOG_COMPILER_APPICON_NAME = AppIcon;
				ASSETCATALOG_COMPILER_GLOBAL_ACCENT_COLOR_NAME = AccentColor;
				CODE_SIGN_STYLE = Automatic;
				DEVELOPMENT_TEAM = TBHHC6VWZD;
				IBSC_MODULE = Plate_Calculator_WatchKit_Extension;
				INFOPLIST_FILE = "Plate Calculator WatchKit App/Info.plist";
				PRODUCT_BUNDLE_IDENTIFIER = "com.joeydevelops.Plate-Calculator.watchkitapp";
				PRODUCT_NAME = "$(TARGET_NAME)";
				SDKROOT = watchos;
				SKIP_INSTALL = YES;
				SWIFT_VERSION = 5.0;
				TARGETED_DEVICE_FAMILY = 4;
				WATCHOS_DEPLOYMENT_TARGET = 7.2;
			};
			name = Debug;
		};
		8476ECE626067785004AE32B /* Release */ = {
			isa = XCBuildConfiguration;
			buildSettings = {
				ALWAYS_EMBED_SWIFT_STANDARD_LIBRARIES = YES;
				ASSETCATALOG_COMPILER_APPICON_NAME = AppIcon;
				ASSETCATALOG_COMPILER_GLOBAL_ACCENT_COLOR_NAME = AccentColor;
				CODE_SIGN_STYLE = Automatic;
				DEVELOPMENT_TEAM = TBHHC6VWZD;
				IBSC_MODULE = Plate_Calculator_WatchKit_Extension;
				INFOPLIST_FILE = "Plate Calculator WatchKit App/Info.plist";
				PRODUCT_BUNDLE_IDENTIFIER = "com.joeydevelops.Plate-Calculator.watchkitapp";
				PRODUCT_NAME = "$(TARGET_NAME)";
				SDKROOT = watchos;
				SKIP_INSTALL = YES;
				SWIFT_VERSION = 5.0;
				TARGETED_DEVICE_FAMILY = 4;
				WATCHOS_DEPLOYMENT_TARGET = 7.2;
			};
			name = Release;
		};
		8476ECE926067785004AE32B /* Debug */ = {
			isa = XCBuildConfiguration;
			buildSettings = {
				CODE_SIGN_STYLE = Automatic;
				CURRENT_PROJECT_VERSION = 1;
				DEVELOPMENT_TEAM = TBHHC6VWZD;
				MARKETING_VERSION = 1.0;
				PRODUCT_BUNDLE_IDENTIFIER = "com.joeydevelops.Plate-Calculator";
				PRODUCT_NAME = "$(TARGET_NAME)";
				SWIFT_VERSION = 5.0;
			};
			name = Debug;
		};
		8476ECEA26067785004AE32B /* Release */ = {
			isa = XCBuildConfiguration;
			buildSettings = {
				CODE_SIGN_STYLE = Automatic;
				CURRENT_PROJECT_VERSION = 1;
				DEVELOPMENT_TEAM = TBHHC6VWZD;
				MARKETING_VERSION = 1.0;
				PRODUCT_BUNDLE_IDENTIFIER = "com.joeydevelops.Plate-Calculator";
				PRODUCT_NAME = "$(TARGET_NAME)";
				SWIFT_VERSION = 5.0;
			};
			name = Release;
		};
/* End XCBuildConfiguration section */

/* Begin XCConfigurationList section */
		8476ECBA26067783004AE32B /* Build configuration list for PBXProject "Plate Calculator" */ = {
			isa = XCConfigurationList;
			buildConfigurations = (
				8476ECDE26067785004AE32B /* Debug */,
				8476ECDF26067785004AE32B /* Release */,
			);
			defaultConfigurationIsVisible = 0;
			defaultConfigurationName = Release;
		};
		8476ECE026067785004AE32B /* Build configuration list for PBXNativeTarget "Plate Calculator WatchKit Extension" */ = {
			isa = XCConfigurationList;
			buildConfigurations = (
				8476ECE126067785004AE32B /* Debug */,
				8476ECE226067785004AE32B /* Release */,
			);
			defaultConfigurationIsVisible = 0;
			defaultConfigurationName = Release;
		};
		8476ECE426067785004AE32B /* Build configuration list for PBXNativeTarget "Plate Calculator WatchKit App" */ = {
			isa = XCConfigurationList;
			buildConfigurations = (
				8476ECE526067785004AE32B /* Debug */,
				8476ECE626067785004AE32B /* Release */,
			);
			defaultConfigurationIsVisible = 0;
			defaultConfigurationName = Release;
		};
		8476ECE826067785004AE32B /* Build configuration list for PBXNativeTarget "Plate Calculator" */ = {
			isa = XCConfigurationList;
			buildConfigurations = (
				8476ECE926067785004AE32B /* Debug */,
				8476ECEA26067785004AE32B /* Release */,
			);
			defaultConfigurationIsVisible = 0;
			defaultConfigurationName = Release;
		};
/* End XCConfigurationList section */
	};
	rootObject = 8476ECB726067783004AE32B /* Project object */;
}
